// !$*UTF8*$!
{
	archiveVersion = 1;
	classes = {
	};
	objectVersion = 77;
	objects = {

/* Begin PBXContainerItemProxy section */
		2ACDAAE22D02953E003CD57F /* PBXContainerItemProxy */ = {
			isa = PBXContainerItemProxy;
			containerPortal = 2ACDAAC92D02953C003CD57F /* Project object */;
			proxyType = 1;
			remoteGlobalIDString = 2ACDAAD02D02953C003CD57F;
			remoteInfo = LifeScribble;
		};
		2ACDAAEC2D02953E003CD57F /* PBXContainerItemProxy */ = {
			isa = PBXContainerItemProxy;
			containerPortal = 2ACDAAC92D02953C003CD57F /* Project object */;
			proxyType = 1;
			remoteGlobalIDString = 2ACDAAD02D02953C003CD57F;
			remoteInfo = LifeScribble;
		};
/* End PBXContainerItemProxy section */

/* Begin PBXFileReference section */
		2ACDAAD12D02953C003CD57F /* LifeScribble.app */ = {isa = PBXFileReference; explicitFileType = wrapper.application; includeInIndex = 0; path = LifeScribble.app; sourceTree = BUILT_PRODUCTS_DIR; };
		2ACDAAE12D02953E003CD57F /* LifeScribbleTests.xctest */ = {isa = PBXFileReference; explicitFileType = wrapper.cfbundle; includeInIndex = 0; path = LifeScribbleTests.xctest; sourceTree = BUILT_PRODUCTS_DIR; };
		2ACDAAEB2D02953E003CD57F /* LifeScribbleUITests.xctest */ = {isa = PBXFileReference; explicitFileType = wrapper.cfbundle; includeInIndex = 0; path = LifeScribbleUITests.xctest; sourceTree = BUILT_PRODUCTS_DIR; };
/* End PBXFileReference section */

/* Begin PBXFileSystemSynchronizedRootGroup section */
		2ACDAAD32D02953C003CD57F /* LifeScribble */ = {
			isa = PBXFileSystemSynchronizedRootGroup;
			path = LifeScribble;
			sourceTree = "<group>";
		};
		2ACDAAE42D02953E003CD57F /* LifeScribbleTests */ = {
			isa = PBXFileSystemSynchronizedRootGroup;
			path = LifeScribbleTests;
			sourceTree = "<group>";
		};
		2ACDAAEE2D02953E003CD57F /* LifeScribbleUITests */ = {
			isa = PBXFileSystemSynchronizedRootGroup;
			path = LifeScribbleUITests;
			sourceTree = "<group>";
		};
/* End PBXFileSystemSynchronizedRootGroup section */

/* Begin PBXFrameworksBuildPhase section */
		2ACDAACE2D02953C003CD57F /* Frameworks */ = {
			isa = PBXFrameworksBuildPhase;
			buildActionMask = 2147483647;
			files = (
			);
			runOnlyForDeploymentPostprocessing = 0;
		};
		2ACDAADE2D02953E003CD57F /* Frameworks */ = {
			isa = PBXFrameworksBuildPhase;
			buildActionMask = 2147483647;
			files = (
			);
			runOnlyForDeploymentPostprocessing = 0;
		};
		2ACDAAE82D02953E003CD57F /* Frameworks */ = {
			isa = PBXFrameworksBuildPhase;
			buildActionMask = 2147483647;
			files = (
			);
			runOnlyForDeploymentPostprocessing = 0;
		};
/* End PBXFrameworksBuildPhase section */

/* Begin PBXGroup section */
		2ACDAAC82D02953C003CD57F = {
			isa = PBXGroup;
			children = (
				2ACDAAD32D02953C003CD57F /* LifeScribble */,
				2ACDAAE42D02953E003CD57F /* LifeScribbleTests */,
				2ACDAAEE2D02953E003CD57F /* LifeScribbleUITests */,
				2ACDAAD22D02953C003CD57F /* Products */,
			);
			sourceTree = "<group>";
		};
		2ACDAAD22D02953C003CD57F /* Products */ = {
			isa = PBXGroup;
			children = (
				2ACDAAD12D02953C003CD57F /* LifeScribble.app */,
				2ACDAAE12D02953E003CD57F /* LifeScribbleTests.xctest */,
				2ACDAAEB2D02953E003CD57F /* LifeScribbleUITests.xctest */,
			);
			name = Products;
			sourceTree = "<group>";
		};
/* End PBXGroup section */

/* Begin PBXNativeTarget section */
		2ACDAAD02D02953C003CD57F /* LifeScribble */ = {
			isa = PBXNativeTarget;
			buildConfigurationList = 2ACDAAF52D02953E003CD57F /* Build configuration list for PBXNativeTarget "LifeScribble" */;
			buildPhases = (
				2ACDAACD2D02953C003CD57F /* Sources */,
				2ACDAACE2D02953C003CD57F /* Frameworks */,
				2ACDAACF2D02953C003CD57F /* Resources */,
			);
			buildRules = (
			);
			dependencies = (
			);
			fileSystemSynchronizedGroups = (
				2ACDAAD32D02953C003CD57F /* LifeScribble */,
			);
			name = LifeScribble;
			packageProductDependencies = (
			);
			productName = LifeScribble;
			productReference = 2ACDAAD12D02953C003CD57F /* LifeScribble.app */;
			productType = "com.apple.product-type.application";
		};
		2ACDAAE02D02953E003CD57F /* LifeScribbleTests */ = {
			isa = PBXNativeTarget;
			buildConfigurationList = 2ACDAAF82D02953E003CD57F /* Build configuration list for PBXNativeTarget "LifeScribbleTests" */;
			buildPhases = (
				2ACDAADD2D02953E003CD57F /* Sources */,
				2ACDAADE2D02953E003CD57F /* Frameworks */,
				2ACDAADF2D02953E003CD57F /* Resources */,
			);
			buildRules = (
			);
			dependencies = (
				2ACDAAE32D02953E003CD57F /* PBXTargetDependency */,
			);
			fileSystemSynchronizedGroups = (
				2ACDAAE42D02953E003CD57F /* LifeScribbleTests */,
			);
			name = LifeScribbleTests;
			packageProductDependencies = (
			);
			productName = LifeScribbleTests;
			productReference = 2ACDAAE12D02953E003CD57F /* LifeScribbleTests.xctest */;
			productType = "com.apple.product-type.bundle.unit-test";
		};
		2ACDAAEA2D02953E003CD57F /* LifeScribbleUITests */ = {
			isa = PBXNativeTarget;
			buildConfigurationList = 2ACDAAFB2D02953E003CD57F /* Build configuration list for PBXNativeTarget "LifeScribbleUITests" */;
			buildPhases = (
				2ACDAAE72D02953E003CD57F /* Sources */,
				2ACDAAE82D02953E003CD57F /* Frameworks */,
				2ACDAAE92D02953E003CD57F /* Resources */,
			);
			buildRules = (
			);
			dependencies = (
				2ACDAAED2D02953E003CD57F /* PBXTargetDependency */,
			);
			fileSystemSynchronizedGroups = (
				2ACDAAEE2D02953E003CD57F /* LifeScribbleUITests */,
			);
			name = LifeScribbleUITests;
			packageProductDependencies = (
			);
			productName = LifeScribbleUITests;
			productReference = 2ACDAAEB2D02953E003CD57F /* LifeScribbleUITests.xctest */;
			productType = "com.apple.product-type.bundle.ui-testing";
		};
/* End PBXNativeTarget section */

/* Begin PBXProject section */
		2ACDAAC92D02953C003CD57F /* Project object */ = {
			isa = PBXProject;
			attributes = {
				BuildIndependentTargetsInParallel = 1;
				LastSwiftUpdateCheck = 1600;
				LastUpgradeCheck = 1600;
				TargetAttributes = {
					2ACDAAD02D02953C003CD57F = {
						CreatedOnToolsVersion = 16.0;
					};
					2ACDAAE02D02953E003CD57F = {
						CreatedOnToolsVersion = 16.0;
						TestTargetID = 2ACDAAD02D02953C003CD57F;
					};
					2ACDAAEA2D02953E003CD57F = {
						CreatedOnToolsVersion = 16.0;
						TestTargetID = 2ACDAAD02D02953C003CD57F;
					};
				};
			};
			buildConfigurationList = 2ACDAACC2D02953C003CD57F /* Build configuration list for PBXProject "LifeScribble" */;
			developmentRegion = en;
			hasScannedForEncodings = 0;
			knownRegions = (
				en,
				Base,
			);
			mainGroup = 2ACDAAC82D02953C003CD57F;
			minimizedProjectReferenceProxies = 1;
			preferredProjectObjectVersion = 77;
			productRefGroup = 2ACDAAD22D02953C003CD57F /* Products */;
			projectDirPath = "";
			projectRoot = "";
			targets = (
				2ACDAAD02D02953C003CD57F /* LifeScribble */,
				2ACDAAE02D02953E003CD57F /* LifeScribbleTests */,
				2ACDAAEA2D02953E003CD57F /* LifeScribbleUITests */,
			);
		};
/* End PBXProject section */

/* Begin PBXResourcesBuildPhase section */
		2ACDAACF2D02953C003CD57F /* Resources */ = {
			isa = PBXResourcesBuildPhase;
			buildActionMask = 2147483647;
			files = (
			);
			runOnlyForDeploymentPostprocessing = 0;
		};
		2ACDAADF2D02953E003CD57F /* Resources */ = {
			isa = PBXResourcesBuildPhase;
			buildActionMask = 2147483647;
			files = (
			);
			runOnlyForDeploymentPostprocessing = 0;
		};
		2ACDAAE92D02953E003CD57F /* Resources */ = {
			isa = PBXResourcesBuildPhase;
			buildActionMask = 2147483647;
			files = (
			);
			runOnlyForDeploymentPostprocessing = 0;
		};
/* End PBXResourcesBuildPhase section */

/* Begin PBXSourcesBuildPhase section */
		2ACDAACD2D02953C003CD57F /* Sources */ = {
			isa = PBXSourcesBuildPhase;
			buildActionMask = 2147483647;
			files = (
			);
			runOnlyForDeploymentPostprocessing = 0;
		};
		2ACDAADD2D02953E003CD57F /* Sources */ = {
			isa = PBXSourcesBuildPhase;
			buildActionMask = 2147483647;
			files = (
			);
			runOnlyForDeploymentPostprocessing = 0;
		};
		2ACDAAE72D02953E003CD57F /* Sources */ = {
			isa = PBXSourcesBuildPhase;
			buildActionMask = 2147483647;
			files = (
			);
			runOnlyForDeploymentPostprocessing = 0;
		};
/* End PBXSourcesBuildPhase section */

/* Begin PBXTargetDependency section */
		2ACDAAE32D02953E003CD57F /* PBXTargetDependency */ = {
			isa = PBXTargetDependency;
			target = 2ACDAAD02D02953C003CD57F /* LifeScribble */;
			targetProxy = 2ACDAAE22D02953E003CD57F /* PBXContainerItemProxy */;
		};
		2ACDAAED2D02953E003CD57F /* PBXTargetDependency */ = {
			isa = PBXTargetDependency;
			target = 2ACDAAD02D02953C003CD57F /* LifeScribble */;
			targetProxy = 2ACDAAEC2D02953E003CD57F /* PBXContainerItemProxy */;
		};
/* End PBXTargetDependency section */

/* Begin XCBuildConfiguration section */
		2ACDAAF32D02953E003CD57F /* Debug */ = {
			isa = XCBuildConfiguration;
			buildSettings = {
				ALWAYS_SEARCH_USER_PATHS = NO;
				ASSETCATALOG_COMPILER_GENERATE_SWIFT_ASSET_SYMBOL_EXTENSIONS = YES;
				CLANG_ANALYZER_NONNULL = YES;
				CLANG_ANALYZER_NUMBER_OBJECT_CONVERSION = YES_AGGRESSIVE;
				CLANG_CXX_LANGUAGE_STANDARD = "gnu++20";
				CLANG_ENABLE_MODULES = YES;
				CLANG_ENABLE_OBJC_ARC = YES;
				CLANG_ENABLE_OBJC_WEAK = YES;
				CLANG_WARN_BLOCK_CAPTURE_AUTORELEASING = YES;
				CLANG_WARN_BOOL_CONVERSION = YES;
				CLANG_WARN_COMMA = YES;
				CLANG_WARN_CONSTANT_CONVERSION = YES;
				CLANG_WARN_DEPRECATED_OBJC_IMPLEMENTATIONS = YES;
				CLANG_WARN_DIRECT_OBJC_ISA_USAGE = YES_ERROR;
				CLANG_WARN_DOCUMENTATION_COMMENTS = YES;
				CLANG_WARN_EMPTY_BODY = YES;
				CLANG_WARN_ENUM_CONVERSION = YES;
				CLANG_WARN_INFINITE_RECURSION = YES;
				CLANG_WARN_INT_CONVERSION = YES;
				CLANG_WARN_NON_LITERAL_NULL_CONVERSION = YES;
				CLANG_WARN_OBJC_IMPLICIT_RETAIN_SELF = YES;
				CLANG_WARN_OBJC_LITERAL_CONVERSION = YES;
				CLANG_WARN_OBJC_ROOT_CLASS = YES_ERROR;
				CLANG_WARN_QUOTED_INCLUDE_IN_FRAMEWORK_HEADER = YES;
				CLANG_WARN_RANGE_LOOP_ANALYSIS = YES;
				CLANG_WARN_STRICT_PROTOTYPES = YES;
				CLANG_WARN_SUSPICIOUS_MOVE = YES;
				CLANG_WARN_UNGUARDED_AVAILABILITY = YES_AGGRESSIVE;
				CLANG_WARN_UNREACHABLE_CODE = YES;
				CLANG_WARN__DUPLICATE_METHOD_MATCH = YES;
				COPY_PHASE_STRIP = NO;
				DEBUG_INFORMATION_FORMAT = dwarf;
				ENABLE_STRICT_OBJC_MSGSEND = YES;
				ENABLE_TESTABILITY = YES;
				ENABLE_USER_SCRIPT_SANDBOXING = YES;
				GCC_C_LANGUAGE_STANDARD = gnu17;
				GCC_DYNAMIC_NO_PIC = NO;
				GCC_NO_COMMON_BLOCKS = YES;
				GCC_OPTIMIZATION_LEVEL = 0;
				GCC_PREPROCESSOR_DEFINITIONS = (
					"DEBUG=1",
					"$(inherited)",
				);
				GCC_WARN_64_TO_32_BIT_CONVERSION = YES;
				GCC_WARN_ABOUT_RETURN_TYPE = YES_ERROR;
				GCC_WARN_UNDECLARED_SELECTOR = YES;
				GCC_WARN_UNINITIALIZED_AUTOS = YES_AGGRESSIVE;
				GCC_WARN_UNUSED_FUNCTION = YES;
				GCC_WARN_UNUSED_VARIABLE = YES;
				IPHONEOS_DEPLOYMENT_TARGET = 18.0;
				LOCALIZATION_PREFERS_STRING_CATALOGS = YES;
				MTL_ENABLE_DEBUG_INFO = INCLUDE_SOURCE;
				MTL_FAST_MATH = YES;
				ONLY_ACTIVE_ARCH = YES;
				SDKROOT = iphoneos;
				SWIFT_ACTIVE_COMPILATION_CONDITIONS = "DEBUG $(inherited)";
				SWIFT_OPTIMIZATION_LEVEL = "-Onone";
			};
			name = Debug;
		};
		2ACDAAF42D02953E003CD57F /* Release */ = {
			isa = XCBuildConfiguration;
			buildSettings = {
				ALWAYS_SEARCH_USER_PATHS = NO;
				ASSETCATALOG_COMPILER_GENERATE_SWIFT_ASSET_SYMBOL_EXTENSIONS = YES;
				CLANG_ANALYZER_NONNULL = YES;
				CLANG_ANALYZER_NUMBER_OBJECT_CONVERSION = YES_AGGRESSIVE;
				CLANG_CXX_LANGUAGE_STANDARD = "gnu++20";
				CLANG_ENABLE_MODULES = YES;
				CLANG_ENABLE_OBJC_ARC = YES;
				CLANG_ENABLE_OBJC_WEAK = YES;
				CLANG_WARN_BLOCK_CAPTURE_AUTORELEASING = YES;
				CLANG_WARN_BOOL_CONVERSION = YES;
				CLANG_WARN_COMMA = YES;
				CLANG_WARN_CONSTANT_CONVERSION = YES;
				CLANG_WARN_DEPRECATED_OBJC_IMPLEMENTATIONS = YES;
				CLANG_WARN_DIRECT_OBJC_ISA_USAGE = YES_ERROR;
				CLANG_WARN_DOCUMENTATION_COMMENTS = YES;
				CLANG_WARN_EMPTY_BODY = YES;
				CLANG_WARN_ENUM_CONVERSION = YES;
				CLANG_WARN_INFINITE_RECURSION = YES;
				CLANG_WARN_INT_CONVERSION = YES;
				CLANG_WARN_NON_LITERAL_NULL_CONVERSION = YES;
				CLANG_WARN_OBJC_IMPLICIT_RETAIN_SELF = YES;
				CLANG_WARN_OBJC_LITERAL_CONVERSION = YES;
				CLANG_WARN_OBJC_ROOT_CLASS = YES_ERROR;
				CLANG_WARN_QUOTED_INCLUDE_IN_FRAMEWORK_HEADER = YES;
				CLANG_WARN_RANGE_LOOP_ANALYSIS = YES;
				CLANG_WARN_STRICT_PROTOTYPES = YES;
				CLANG_WARN_SUSPICIOUS_MOVE = YES;
				CLANG_WARN_UNGUARDED_AVAILABILITY = YES_AGGRESSIVE;
				CLANG_WARN_UNREACHABLE_CODE = YES;
				CLANG_WARN__DUPLICATE_METHOD_MATCH = YES;
				COPY_PHASE_STRIP = NO;
				DEBUG_INFORMATION_FORMAT = "dwarf-with-dsym";
				ENABLE_NS_ASSERTIONS = NO;
				ENABLE_STRICT_OBJC_MSGSEND = YES;
				ENABLE_USER_SCRIPT_SANDBOXING = YES;
				GCC_C_LANGUAGE_STANDARD = gnu17;
				GCC_NO_COMMON_BLOCKS = YES;
				GCC_WARN_64_TO_32_BIT_CONVERSION = YES;
				GCC_WARN_ABOUT_RETURN_TYPE = YES_ERROR;
				GCC_WARN_UNDECLARED_SELECTOR = YES;
				GCC_WARN_UNINITIALIZED_AUTOS = YES_AGGRESSIVE;
				GCC_WARN_UNUSED_FUNCTION = YES;
				GCC_WARN_UNUSED_VARIABLE = YES;
				IPHONEOS_DEPLOYMENT_TARGET = 18.0;
				LOCALIZATION_PREFERS_STRING_CATALOGS = YES;
				MTL_ENABLE_DEBUG_INFO = NO;
				MTL_FAST_MATH = YES;
				SDKROOT = iphoneos;
				SWIFT_COMPILATION_MODE = wholemodule;
				VALIDATE_PRODUCT = YES;
			};
			name = Release;
		};
		2ACDAAF62D02953E003CD57F /* Debug */ = {
			isa = XCBuildConfiguration;
			buildSettings = {
				ASSETCATALOG_COMPILER_APPICON_NAME = AppIcon;
				ASSETCATALOG_COMPILER_GLOBAL_ACCENT_COLOR_NAME = AccentColor;
				CODE_SIGN_STYLE = Automatic;
				CURRENT_PROJECT_VERSION = 1;
				DEVELOPMENT_ASSET_PATHS = "\"LifeScribble/Preview Content\"";
				ENABLE_PREVIEWS = YES;
				GENERATE_INFOPLIST_FILE = YES;
				INFOPLIST_KEY_UIApplicationSceneManifest_Generation = YES;
				INFOPLIST_KEY_UIApplicationSupportsIndirectInputEvents = YES;
				INFOPLIST_KEY_UILaunchScreen_Generation = YES;
				INFOPLIST_KEY_UISupportedInterfaceOrientations_iPad = "UIInterfaceOrientationPortrait UIInterfaceOrientationPortraitUpsideDown UIInterfaceOrientationLandscapeLeft UIInterfaceOrientationLandscapeRight";
				INFOPLIST_KEY_UISupportedInterfaceOrientations_iPhone = "UIInterfaceOrientationPortrait UIInterfaceOrientationLandscapeLeft UIInterfaceOrientationLandscapeRight";
				LD_RUNPATH_SEARCH_PATHS = (
					"$(inherited)",
					"@executable_path/Frameworks",
				);
				MARKETING_VERSION = 1.0;
				PRODUCT_BUNDLE_IDENTIFIER = MAC221.LifeScribble;
				PRODUCT_NAME = "$(TARGET_NAME)";
				SWIFT_EMIT_LOC_STRINGS = YES;
				SWIFT_VERSION = 5.0;
				TARGETED_DEVICE_FAMILY = "1,2";
			};
			name = Debug;
		};
		2ACDAAF72D02953E003CD57F /* Release */ = {
			isa = XCBuildConfiguration;
			buildSettings = {
				ASSETCATALOG_COMPILER_APPICON_NAME = AppIcon;
				ASSETCATALOG_COMPILER_GLOBAL_ACCENT_COLOR_NAME = AccentColor;
				CODE_SIGN_STYLE = Automatic;
				CURRENT_PROJECT_VERSION = 1;
				DEVELOPMENT_ASSET_PATHS = "\"LifeScribble/Preview Content\"";
				ENABLE_PREVIEWS = YES;
				GENERATE_INFOPLIST_FILE = YES;
				INFOPLIST_KEY_UIApplicationSceneManifest_Generation = YES;
				INFOPLIST_KEY_UIApplicationSupportsIndirectInputEvents = YES;
				INFOPLIST_KEY_UILaunchScreen_Generation = YES;
				INFOPLIST_KEY_UISupportedInterfaceOrientations_iPad = "UIInterfaceOrientationPortrait UIInterfaceOrientationPortraitUpsideDown UIInterfaceOrientationLandscapeLeft UIInterfaceOrientationLandscapeRight";
				INFOPLIST_KEY_UISupportedInterfaceOrientations_iPhone = "UIInterfaceOrientationPortrait UIInterfaceOrientationLandscapeLeft UIInterfaceOrientationLandscapeRight";
				LD_RUNPATH_SEARCH_PATHS = (
					"$(inherited)",
					"@executable_path/Frameworks",
				);
				MARKETING_VERSION = 1.0;
				PRODUCT_BUNDLE_IDENTIFIER = MAC221.LifeScribble;
				PRODUCT_NAME = "$(TARGET_NAME)";
				SWIFT_EMIT_LOC_STRINGS = YES;
				SWIFT_VERSION = 5.0;
				TARGETED_DEVICE_FAMILY = "1,2";
			};
			name = Release;
		};
		2ACDAAF92D02953E003CD57F /* Debug */ = {
			isa = XCBuildConfiguration;
			buildSettings = {
				BUNDLE_LOADER = "$(TEST_HOST)";
				CODE_SIGN_STYLE = Automatic;
				CURRENT_PROJECT_VERSION = 1;
				GENERATE_INFOPLIST_FILE = YES;
				IPHONEOS_DEPLOYMENT_TARGET = 18.0;
				MARKETING_VERSION = 1.0;
				PRODUCT_BUNDLE_IDENTIFIER = MAC221.LifeScribbleTests;
				PRODUCT_NAME = "$(TARGET_NAME)";
				SWIFT_EMIT_LOC_STRINGS = NO;
				SWIFT_VERSION = 5.0;
				TARGETED_DEVICE_FAMILY = "1,2";
				TEST_HOST = "$(BUILT_PRODUCTS_DIR)/LifeScribble.app/$(BUNDLE_EXECUTABLE_FOLDER_PATH)/LifeScribble";
			};
			name = Debug;
		};
		2ACDAAFA2D02953E003CD57F /* Release */ = {
			isa = XCBuildConfiguration;
			buildSettings = {
				BUNDLE_LOADER = "$(TEST_HOST)";
				CODE_SIGN_STYLE = Automatic;
				CURRENT_PROJECT_VERSION = 1;
				GENERATE_INFOPLIST_FILE = YES;
				IPHONEOS_DEPLOYMENT_TARGET = 18.0;
				MARKETING_VERSION = 1.0;
				PRODUCT_BUNDLE_IDENTIFIER = MAC221.LifeScribbleTests;
				PRODUCT_NAME = "$(TARGET_NAME)";
				SWIFT_EMIT_LOC_STRINGS = NO;
				SWIFT_VERSION = 5.0;
				TARGETED_DEVICE_FAMILY = "1,2";
				TEST_HOST = "$(BUILT_PRODUCTS_DIR)/LifeScribble.app/$(BUNDLE_EXECUTABLE_FOLDER_PATH)/LifeScribble";
			};
			name = Release;
		};
		2ACDAAFC2D02953E003CD57F /* Debug */ = {
			isa = XCBuildConfiguration;
			buildSettings = {
				CODE_SIGN_STYLE = Automatic;
				CURRENT_PROJECT_VERSION = 1;
				GENERATE_INFOPLIST_FILE = YES;
				MARKETING_VERSION = 1.0;
				PRODUCT_BUNDLE_IDENTIFIER = MAC221.LifeScribbleUITests;
				PRODUCT_NAME = "$(TARGET_NAME)";
				SWIFT_EMIT_LOC_STRINGS = NO;
				SWIFT_VERSION = 5.0;
				TARGETED_DEVICE_FAMILY = "1,2";
				TEST_TARGET_NAME = LifeScribble;
			};
			name = Debug;
		};
		2ACDAAFD2D02953E003CD57F /* Release */ = {
			isa = XCBuildConfiguration;
			buildSettings = {
				CODE_SIGN_STYLE = Automatic;
				CURRENT_PROJECT_VERSION = 1;
				GENERATE_INFOPLIST_FILE = YES;
				MARKETING_VERSION = 1.0;
				PRODUCT_BUNDLE_IDENTIFIER = MAC221.LifeScribbleUITests;
				PRODUCT_NAME = "$(TARGET_NAME)";
				SWIFT_EMIT_LOC_STRINGS = NO;
				SWIFT_VERSION = 5.0;
				TARGETED_DEVICE_FAMILY = "1,2";
				TEST_TARGET_NAME = LifeScribble;
			};
			name = Release;
		};
/* End XCBuildConfiguration section */

/* Begin XCConfigurationList section */
		2ACDAACC2D02953C003CD57F /* Build configuration list for PBXProject "LifeScribble" */ = {
			isa = XCConfigurationList;
			buildConfigurations = (
				2ACDAAF32D02953E003CD57F /* Debug */,
				2ACDAAF42D02953E003CD57F /* Release */,
			);
			defaultConfigurationIsVisible = 0;
			defaultConfigurationName = Release;
		};
		2ACDAAF52D02953E003CD57F /* Build configuration list for PBXNativeTarget "LifeScribble" */ = {
			isa = XCConfigurationList;
			buildConfigurations = (
				2ACDAAF62D02953E003CD57F /* Debug */,
				2ACDAAF72D02953E003CD57F /* Release */,
			);
			defaultConfigurationIsVisible = 0;
			defaultConfigurationName = Release;
		};
		2ACDAAF82D02953E003CD57F /* Build configuration list for PBXNativeTarget "LifeScribbleTests" */ = {
			isa = XCConfigurationList;
			buildConfigurations = (
				2ACDAAF92D02953E003CD57F /* Debug */,
				2ACDAAFA2D02953E003CD57F /* Release */,
			);
			defaultConfigurationIsVisible = 0;
			defaultConfigurationName = Release;
		};
		2ACDAAFB2D02953E003CD57F /* Build configuration list for PBXNativeTarget "LifeScribbleUITests" */ = {
			isa = XCConfigurationList;
			buildConfigurations = (
				2ACDAAFC2D02953E003CD57F /* Debug */,
				2ACDAAFD2D02953E003CD57F /* Release */,
			);
			defaultConfigurationIsVisible = 0;
			defaultConfigurationName = Release;
		};
/* End XCConfigurationList section */
	};
	rootObject = 2ACDAAC92D02953C003CD57F /* Project object */;
}
